
Microsoft Visual Studio Solution File, Format Version 12.00
# Visual Studio 14
VisualStudioVersion = 14.0.25420.1
MinimumVisualStudioVersion = 10.0.40219.1
Project("{8BC9CEB8-8B4A-11D0-8D11-00A0C91BC942}") = "LoadModel", "LoadModel\LoadModel.vcxproj", "{52F32CCA-8CFB-4FDF-8D9E-3EB2AA8D3DDC}"
EndProject
Project("{8BC9CEB8-8B4A-11D0-8D11-00A0C91BC942}") = "BlendingDiscard", "BlendingDiscard\BlendingDiscard.vcxproj", "{6504402F-459E-4C42-83C1-78F147BADCA4}"
EndProject
Project("{8BC9CEB8-8B4A-11D0-8D11-00A0C91BC942}") = "OpenGLDemo", "OpenGLDemo\OpenGLDemo.vcxproj", "{CF630D07-1DB0-46F1-827E-D9728B034DA7}"
EndProject
Project("{8BC9CEB8-8B4A-11D0-8D11-00A0C91BC942}") = "FrameBuffers", "FrameBuffers\FrameBuffers.vcxproj", "{20BC555A-B187-4243-93C6-E2EFDB6DDD81}"
EndProject
Project("{8BC9CEB8-8B4A-11D0-8D11-00A0C91BC942}") = "CubemapSkybox", "CubemapSkybox\CubemapSkybox.vcxproj", "{CFEBAE27-A62C-46D3-A827-68B20F504BBD}"
EndProject
Project("{8BC9CEB8-8B4A-11D0-8D11-00A0C91BC942}") = "GeometryShaderHouses", "GeometryShaderHouses\GeometryShaderHouses.vcxproj", "{B6610A95-187A-4E70-A3FB-7A31F0A123F1}"
EndProject
Project("{8BC9CEB8-8B4A-11D0-8D11-00A0C91BC942}") = "GeometryShaderExploding", "GeometryShaderExploding\GeometryShaderExploding.vcxproj", "{2B5C775B-326A-4049-8B5D-D7164E948185}"
EndProject
Project("{8BC9CEB8-8B4A-11D0-8D11-00A0C91BC942}") = "NormalVisualization", "NormalVisualization\NormalVisualization.vcxproj", "{B88FDC92-2860-43DD-AD7A-C438BEB6AE79}"
EndProject
Project("{8BC9CEB8-8B4A-11D0-8D11-00A0C91BC942}") = "InstancingQuads", "InstancingQuads\InstancingQuads.vcxproj", "{D58E1FDC-5597-44C6-96B1-0AAD3ABE2136}"
EndProject
Project("{8BC9CEB8-8B4A-11D0-8D11-00A0C91BC942}") = "Asteroids", "Asteroids\Asteroids.vcxproj", "{B37A933B-3A8D-49AE-BDDF-4908CE0B6975}"
EndProject
Project("{8BC9CEB8-8B4A-11D0-8D11-00A0C91BC942}") = "AsteroidsInstanced", "AsteroidsInstanced\AsteroidsInstanced.vcxproj", "{AF3E793D-A055-4ACC-8B8E-D5A435DD8859}"
EndProject
Project("{8BC9CEB8-8B4A-11D0-8D11-00A0C91BC942}") = "AntiAliasingOffscreen", "AntiAliasingOffscreen\AntiAliasingOffscreen.vcxproj", "{3DDA8B5B-1487-4C8A-BBCB-BA0812A967D8}"
EndProject
Project("{8BC9CEB8-8B4A-11D0-8D11-00A0C91BC942}") = "AdvancedLighting", "AdvancedLighting\AdvancedLighting.vcxproj", "{D67F2188-9BCF-49BE-8397-06649BD5237F}"
EndProject
Project("{8BC9CEB8-8B4A-11D0-8D11-00A0C91BC942}") = "GammaCorrection", "GammaCorrection\GammaCorrection.vcxproj", "{46ED6D4F-B8CC-4B5C-8B24-5DAC4348E401}"
EndProject
Project("{8BC9CEB8-8B4A-11D0-8D11-00A0C91BC942}") = "ShadowMappingDepth", "ShadowMappingDepth\ShadowMappingDepth.vcxproj", "{5CD70799-B339-4BF8-B316-556F16824AC0}"
EndProject
Project("{8BC9CEB8-8B4A-11D0-8D11-00A0C91BC942}") = "ShadowMappingBase", "ShadowMappingBase\ShadowMappingBase.vcxproj", "{027C5725-DE25-4A20-B1F4-93127E09E886}"
EndProject
Project("{8BC9CEB8-8B4A-11D0-8D11-00A0C91BC942}") = "PointShadows", "PointShadows\PointShadows.vcxproj", "{9B3B823F-55B4-4BFD-B871-CF7271C79DC0}"
EndProject
Project("{8BC9CEB8-8B4A-11D0-8D11-00A0C91BC942}") = "NormalMapping", "NormalMapping\NormalMapping.vcxproj", "{392E2145-99C0-465C-97E3-2B4FBB119876}"
EndProject
Project("{8BC9CEB8-8B4A-11D0-8D11-00A0C91BC942}") = "ParallaxMapping", "ParallaxMapping\ParallaxMapping.vcxproj", "{04048846-6F2F-42A4-B2F5-23835D3E5B85}"
EndProject
Project("{8BC9CEB8-8B4A-11D0-8D11-00A0C91BC942}") = "SteepParallaxMapping", "SteepParallaxMapping\SteepParallaxMapping.vcxproj", "{0B9FEDEE-CF77-4AD6-AF90-1F2CD016B748}"
EndProject
Global
	GlobalSection(SolutionConfigurationPlatforms) = preSolution
		Debug|x64 = Debug|x64
		Debug|x86 = Debug|x86
		Release|x64 = Release|x64
		Release|x86 = Release|x86
	EndGlobalSection
	GlobalSection(ProjectConfigurationPlatforms) = postSolution
		{52F32CCA-8CFB-4FDF-8D9E-3EB2AA8D3DDC}.Debug|x64.ActiveCfg = Debug|x64
		{52F32CCA-8CFB-4FDF-8D9E-3EB2AA8D3DDC}.Debug|x64.Build.0 = Debug|x64
		{52F32CCA-8CFB-4FDF-8D9E-3EB2AA8D3DDC}.Debug|x86.ActiveCfg = Debug|Win32
		{52F32CCA-8CFB-4FDF-8D9E-3EB2AA8D3DDC}.Debug|x86.Build.0 = Debug|Win32
		{52F32CCA-8CFB-4FDF-8D9E-3EB2AA8D3DDC}.Release|x64.ActiveCfg = Release|x64
		{52F32CCA-8CFB-4FDF-8D9E-3EB2AA8D3DDC}.Release|x64.Build.0 = Release|x64
		{52F32CCA-8CFB-4FDF-8D9E-3EB2AA8D3DDC}.Release|x86.ActiveCfg = Release|Win32
		{52F32CCA-8CFB-4FDF-8D9E-3EB2AA8D3DDC}.Release|x86.Build.0 = Release|Win32
		{6504402F-459E-4C42-83C1-78F147BADCA4}.Debug|x64.ActiveCfg = Debug|x64
		{6504402F-459E-4C42-83C1-78F147BADCA4}.Debug|x64.Build.0 = Debug|x64
		{6504402F-459E-4C42-83C1-78F147BADCA4}.Debug|x86.ActiveCfg = Debug|Win32
		{6504402F-459E-4C42-83C1-78F147BADCA4}.Debug|x86.Build.0 = Debug|Win32
		{6504402F-459E-4C42-83C1-78F147BADCA4}.Release|x64.ActiveCfg = Release|x64
		{6504402F-459E-4C42-83C1-78F147BADCA4}.Release|x64.Build.0 = Release|x64
		{6504402F-459E-4C42-83C1-78F147BADCA4}.Release|x86.ActiveCfg = Release|Win32
		{6504402F-459E-4C42-83C1-78F147BADCA4}.Release|x86.Build.0 = Release|Win32
		{CF630D07-1DB0-46F1-827E-D9728B034DA7}.Debug|x64.ActiveCfg = Debug|x64
		{CF630D07-1DB0-46F1-827E-D9728B034DA7}.Debug|x64.Build.0 = Debug|x64
		{CF630D07-1DB0-46F1-827E-D9728B034DA7}.Debug|x86.ActiveCfg = Debug|Win32
		{CF630D07-1DB0-46F1-827E-D9728B034DA7}.Debug|x86.Build.0 = Debug|Win32
		{CF630D07-1DB0-46F1-827E-D9728B034DA7}.Release|x64.ActiveCfg = Release|x64
		{CF630D07-1DB0-46F1-827E-D9728B034DA7}.Release|x64.Build.0 = Release|x64
		{CF630D07-1DB0-46F1-827E-D9728B034DA7}.Release|x86.ActiveCfg = Release|Win32
		{CF630D07-1DB0-46F1-827E-D9728B034DA7}.Release|x86.Build.0 = Release|Win32
		{20BC555A-B187-4243-93C6-E2EFDB6DDD81}.Debug|x64.ActiveCfg = Debug|x64
		{20BC555A-B187-4243-93C6-E2EFDB6DDD81}.Debug|x64.Build.0 = Debug|x64
		{20BC555A-B187-4243-93C6-E2EFDB6DDD81}.Debug|x86.ActiveCfg = Debug|Win32
		{20BC555A-B187-4243-93C6-E2EFDB6DDD81}.Debug|x86.Build.0 = Debug|Win32
		{20BC555A-B187-4243-93C6-E2EFDB6DDD81}.Release|x64.ActiveCfg = Release|x64
		{20BC555A-B187-4243-93C6-E2EFDB6DDD81}.Release|x64.Build.0 = Release|x64
		{20BC555A-B187-4243-93C6-E2EFDB6DDD81}.Release|x86.ActiveCfg = Release|Win32
		{20BC555A-B187-4243-93C6-E2EFDB6DDD81}.Release|x86.Build.0 = Release|Win32
		{CFEBAE27-A62C-46D3-A827-68B20F504BBD}.Debug|x64.ActiveCfg = Debug|x64
		{CFEBAE27-A62C-46D3-A827-68B20F504BBD}.Debug|x64.Build.0 = Debug|x64
		{CFEBAE27-A62C-46D3-A827-68B20F504BBD}.Debug|x86.ActiveCfg = Debug|Win32
		{CFEBAE27-A62C-46D3-A827-68B20F504BBD}.Debug|x86.Build.0 = Debug|Win32
		{CFEBAE27-A62C-46D3-A827-68B20F504BBD}.Release|x64.ActiveCfg = Release|x64
		{CFEBAE27-A62C-46D3-A827-68B20F504BBD}.Release|x64.Build.0 = Release|x64
		{CFEBAE27-A62C-46D3-A827-68B20F504BBD}.Release|x86.ActiveCfg = Release|Win32
		{CFEBAE27-A62C-46D3-A827-68B20F504BBD}.Release|x86.Build.0 = Release|Win32
		{B6610A95-187A-4E70-A3FB-7A31F0A123F1}.Debug|x64.ActiveCfg = Debug|x64
		{B6610A95-187A-4E70-A3FB-7A31F0A123F1}.Debug|x64.Build.0 = Debug|x64
		{B6610A95-187A-4E70-A3FB-7A31F0A123F1}.Debug|x86.ActiveCfg = Debug|Win32
		{B6610A95-187A-4E70-A3FB-7A31F0A123F1}.Debug|x86.Build.0 = Debug|Win32
		{B6610A95-187A-4E70-A3FB-7A31F0A123F1}.Release|x64.ActiveCfg = Release|x64
		{B6610A95-187A-4E70-A3FB-7A31F0A123F1}.Release|x64.Build.0 = Release|x64
		{B6610A95-187A-4E70-A3FB-7A31F0A123F1}.Release|x86.ActiveCfg = Release|Win32
		{B6610A95-187A-4E70-A3FB-7A31F0A123F1}.Release|x86.Build.0 = Release|Win32
		{2B5C775B-326A-4049-8B5D-D7164E948185}.Debug|x64.ActiveCfg = Debug|x64
		{2B5C775B-326A-4049-8B5D-D7164E948185}.Debug|x64.Build.0 = Debug|x64
		{2B5C775B-326A-4049-8B5D-D7164E948185}.Debug|x86.ActiveCfg = Debug|Win32
		{2B5C775B-326A-4049-8B5D-D7164E948185}.Debug|x86.Build.0 = Debug|Win32
		{2B5C775B-326A-4049-8B5D-D7164E948185}.Release|x64.ActiveCfg = Release|x64
		{2B5C775B-326A-4049-8B5D-D7164E948185}.Release|x64.Build.0 = Release|x64
		{2B5C775B-326A-4049-8B5D-D7164E948185}.Release|x86.ActiveCfg = Release|Win32
		{2B5C775B-326A-4049-8B5D-D7164E948185}.Release|x86.Build.0 = Release|Win32
		{B88FDC92-2860-43DD-AD7A-C438BEB6AE79}.Debug|x64.ActiveCfg = Debug|x64
		{B88FDC92-2860-43DD-AD7A-C438BEB6AE79}.Debug|x64.Build.0 = Debug|x64
		{B88FDC92-2860-43DD-AD7A-C438BEB6AE79}.Debug|x86.ActiveCfg = Debug|Win32
		{B88FDC92-2860-43DD-AD7A-C438BEB6AE79}.Debug|x86.Build.0 = Debug|Win32
		{B88FDC92-2860-43DD-AD7A-C438BEB6AE79}.Release|x64.ActiveCfg = Release|x64
		{B88FDC92-2860-43DD-AD7A-C438BEB6AE79}.Release|x64.Build.0 = Release|x64
		{B88FDC92-2860-43DD-AD7A-C438BEB6AE79}.Release|x86.ActiveCfg = Release|Win32
		{B88FDC92-2860-43DD-AD7A-C438BEB6AE79}.Release|x86.Build.0 = Release|Win32
		{D58E1FDC-5597-44C6-96B1-0AAD3ABE2136}.Debug|x64.ActiveCfg = Debug|x64
		{D58E1FDC-5597-44C6-96B1-0AAD3ABE2136}.Debug|x64.Build.0 = Debug|x64
		{D58E1FDC-5597-44C6-96B1-0AAD3ABE2136}.Debug|x86.ActiveCfg = Debug|Win32
		{D58E1FDC-5597-44C6-96B1-0AAD3ABE2136}.Debug|x86.Build.0 = Debug|Win32
		{D58E1FDC-5597-44C6-96B1-0AAD3ABE2136}.Release|x64.ActiveCfg = Release|x64
		{D58E1FDC-5597-44C6-96B1-0AAD3ABE2136}.Release|x64.Build.0 = Release|x64
		{D58E1FDC-5597-44C6-96B1-0AAD3ABE2136}.Release|x86.ActiveCfg = Release|Win32
		{D58E1FDC-5597-44C6-96B1-0AAD3ABE2136}.Release|x86.Build.0 = Release|Win32
		{B37A933B-3A8D-49AE-BDDF-4908CE0B6975}.Debug|x64.ActiveCfg = Debug|x64
		{B37A933B-3A8D-49AE-BDDF-4908CE0B6975}.Debug|x64.Build.0 = Debug|x64
		{B37A933B-3A8D-49AE-BDDF-4908CE0B6975}.Debug|x86.ActiveCfg = Debug|Win32
		{B37A933B-3A8D-49AE-BDDF-4908CE0B6975}.Debug|x86.Build.0 = Debug|Win32
		{B37A933B-3A8D-49AE-BDDF-4908CE0B6975}.Release|x64.ActiveCfg = Release|x64
		{B37A933B-3A8D-49AE-BDDF-4908CE0B6975}.Release|x64.Build.0 = Release|x64
		{B37A933B-3A8D-49AE-BDDF-4908CE0B6975}.Release|x86.ActiveCfg = Release|Win32
		{B37A933B-3A8D-49AE-BDDF-4908CE0B6975}.Release|x86.Build.0 = Release|Win32
		{AF3E793D-A055-4ACC-8B8E-D5A435DD8859}.Debug|x64.ActiveCfg = Debug|x64
		{AF3E793D-A055-4ACC-8B8E-D5A435DD8859}.Debug|x64.Build.0 = Debug|x64
		{AF3E793D-A055-4ACC-8B8E-D5A435DD8859}.Debug|x86.ActiveCfg = Debug|Win32
		{AF3E793D-A055-4ACC-8B8E-D5A435DD8859}.Debug|x86.Build.0 = Debug|Win32
		{AF3E793D-A055-4ACC-8B8E-D5A435DD8859}.Release|x64.ActiveCfg = Release|x64
		{AF3E793D-A055-4ACC-8B8E-D5A435DD8859}.Release|x64.Build.0 = Release|x64
		{AF3E793D-A055-4ACC-8B8E-D5A435DD8859}.Release|x86.ActiveCfg = Release|Win32
		{AF3E793D-A055-4ACC-8B8E-D5A435DD8859}.Release|x86.Build.0 = Release|Win32
		{3DDA8B5B-1487-4C8A-BBCB-BA0812A967D8}.Debug|x64.ActiveCfg = Debug|x64
		{3DDA8B5B-1487-4C8A-BBCB-BA0812A967D8}.Debug|x64.Build.0 = Debug|x64
		{3DDA8B5B-1487-4C8A-BBCB-BA0812A967D8}.Debug|x86.ActiveCfg = Debug|Win32
		{3DDA8B5B-1487-4C8A-BBCB-BA0812A967D8}.Debug|x86.Build.0 = Debug|Win32
		{3DDA8B5B-1487-4C8A-BBCB-BA0812A967D8}.Release|x64.ActiveCfg = Release|x64
		{3DDA8B5B-1487-4C8A-BBCB-BA0812A967D8}.Release|x64.Build.0 = Release|x64
		{3DDA8B5B-1487-4C8A-BBCB-BA0812A967D8}.Release|x86.ActiveCfg = Release|Win32
		{3DDA8B5B-1487-4C8A-BBCB-BA0812A967D8}.Release|x86.Build.0 = Release|Win32
		{D67F2188-9BCF-49BE-8397-06649BD5237F}.Debug|x64.ActiveCfg = Debug|x64
		{D67F2188-9BCF-49BE-8397-06649BD5237F}.Debug|x64.Build.0 = Debug|x64
		{D67F2188-9BCF-49BE-8397-06649BD5237F}.Debug|x86.ActiveCfg = Debug|Win32
		{D67F2188-9BCF-49BE-8397-06649BD5237F}.Debug|x86.Build.0 = Debug|Win32
		{D67F2188-9BCF-49BE-8397-06649BD5237F}.Release|x64.ActiveCfg = Release|x64
		{D67F2188-9BCF-49BE-8397-06649BD5237F}.Release|x64.Build.0 = Release|x64
		{D67F2188-9BCF-49BE-8397-06649BD5237F}.Release|x86.ActiveCfg = Release|Win32
		{D67F2188-9BCF-49BE-8397-06649BD5237F}.Release|x86.Build.0 = Release|Win32
		{46ED6D4F-B8CC-4B5C-8B24-5DAC4348E401}.Debug|x64.ActiveCfg = Debug|x64
		{46ED6D4F-B8CC-4B5C-8B24-5DAC4348E401}.Debug|x64.Build.0 = Debug|x64
		{46ED6D4F-B8CC-4B5C-8B24-5DAC4348E401}.Debug|x86.ActiveCfg = Debug|Win32
		{46ED6D4F-B8CC-4B5C-8B24-5DAC4348E401}.Debug|x86.Build.0 = Debug|Win32
		{46ED6D4F-B8CC-4B5C-8B24-5DAC4348E401}.Release|x64.ActiveCfg = Release|x64
		{46ED6D4F-B8CC-4B5C-8B24-5DAC4348E401}.Release|x64.Build.0 = Release|x64
		{46ED6D4F-B8CC-4B5C-8B24-5DAC4348E401}.Release|x86.ActiveCfg = Release|Win32
		{46ED6D4F-B8CC-4B5C-8B24-5DAC4348E401}.Release|x86.Build.0 = Release|Win32
		{5CD70799-B339-4BF8-B316-556F16824AC0}.Debug|x64.ActiveCfg = Debug|x64
		{5CD70799-B339-4BF8-B316-556F16824AC0}.Debug|x64.Build.0 = Debug|x64
		{5CD70799-B339-4BF8-B316-556F16824AC0}.Debug|x86.ActiveCfg = Debug|Win32
		{5CD70799-B339-4BF8-B316-556F16824AC0}.Debug|x86.Build.0 = Debug|Win32
		{5CD70799-B339-4BF8-B316-556F16824AC0}.Release|x64.ActiveCfg = Release|x64
		{5CD70799-B339-4BF8-B316-556F16824AC0}.Release|x64.Build.0 = Release|x64
		{5CD70799-B339-4BF8-B316-556F16824AC0}.Release|x86.ActiveCfg = Release|Win32
		{5CD70799-B339-4BF8-B316-556F16824AC0}.Release|x86.Build.0 = Release|Win32
		{027C5725-DE25-4A20-B1F4-93127E09E886}.Debug|x64.ActiveCfg = Debug|x64
		{027C5725-DE25-4A20-B1F4-93127E09E886}.Debug|x64.Build.0 = Debug|x64
		{027C5725-DE25-4A20-B1F4-93127E09E886}.Debug|x86.ActiveCfg = Debug|Win32
		{027C5725-DE25-4A20-B1F4-93127E09E886}.Debug|x86.Build.0 = Debug|Win32
		{027C5725-DE25-4A20-B1F4-93127E09E886}.Release|x64.ActiveCfg = Release|x64
		{027C5725-DE25-4A20-B1F4-93127E09E886}.Release|x64.Build.0 = Release|x64
		{027C5725-DE25-4A20-B1F4-93127E09E886}.Release|x86.ActiveCfg = Release|Win32
		{027C5725-DE25-4A20-B1F4-93127E09E886}.Release|x86.Build.0 = Release|Win32
		{9B3B823F-55B4-4BFD-B871-CF7271C79DC0}.Debug|x64.ActiveCfg = Debug|x64
		{9B3B823F-55B4-4BFD-B871-CF7271C79DC0}.Debug|x64.Build.0 = Debug|x64
		{9B3B823F-55B4-4BFD-B871-CF7271C79DC0}.Debug|x86.ActiveCfg = Debug|Win32
		{9B3B823F-55B4-4BFD-B871-CF7271C79DC0}.Debug|x86.Build.0 = Debug|Win32
		{9B3B823F-55B4-4BFD-B871-CF7271C79DC0}.Release|x64.ActiveCfg = Release|x64
		{9B3B823F-55B4-4BFD-B871-CF7271C79DC0}.Release|x64.Build.0 = Release|x64
		{9B3B823F-55B4-4BFD-B871-CF7271C79DC0}.Release|x86.ActiveCfg = Release|Win32
		{9B3B823F-55B4-4BFD-B871-CF7271C79DC0}.Release|x86.Build.0 = Release|Win32
		{392E2145-99C0-465C-97E3-2B4FBB119876}.Debug|x64.ActiveCfg = Debug|x64
		{392E2145-99C0-465C-97E3-2B4FBB119876}.Debug|x64.Build.0 = Debug|x64
		{392E2145-99C0-465C-97E3-2B4FBB119876}.Debug|x86.ActiveCfg = Debug|Win32
		{392E2145-99C0-465C-97E3-2B4FBB119876}.Debug|x86.Build.0 = Debug|Win32
		{392E2145-99C0-465C-97E3-2B4FBB119876}.Release|x64.ActiveCfg = Release|x64
		{392E2145-99C0-465C-97E3-2B4FBB119876}.Release|x64.Build.0 = Release|x64
		{392E2145-99C0-465C-97E3-2B4FBB119876}.Release|x86.ActiveCfg = Release|Win32
		{392E2145-99C0-465C-97E3-2B4FBB119876}.Release|x86.Build.0 = Release|Win32
		{04048846-6F2F-42A4-B2F5-23835D3E5B85}.Debug|x64.ActiveCfg = Debug|x64
		{04048846-6F2F-42A4-B2F5-23835D3E5B85}.Debug|x64.Build.0 = Debug|x64
		{04048846-6F2F-42A4-B2F5-23835D3E5B85}.Debug|x86.ActiveCfg = Debug|Win32
		{04048846-6F2F-42A4-B2F5-23835D3E5B85}.Debug|x86.Build.0 = Debug|Win32
		{04048846-6F2F-42A4-B2F5-23835D3E5B85}.Release|x64.ActiveCfg = Release|x64
		{04048846-6F2F-42A4-B2F5-23835D3E5B85}.Release|x64.Build.0 = Release|x64
		{04048846-6F2F-42A4-B2F5-23835D3E5B85}.Release|x86.ActiveCfg = Release|Win32
		{04048846-6F2F-42A4-B2F5-23835D3E5B85}.Release|x86.Build.0 = Release|Win32
		{0B9FEDEE-CF77-4AD6-AF90-1F2CD016B748}.Debug|x64.ActiveCfg = Debug|x64
		{0B9FEDEE-CF77-4AD6-AF90-1F2CD016B748}.Debug|x64.Build.0 = Debug|x64
		{0B9FEDEE-CF77-4AD6-AF90-1F2CD016B748}.Debug|x86.ActiveCfg = Debug|Win32
		{0B9FEDEE-CF77-4AD6-AF90-1F2CD016B748}.Debug|x86.Build.0 = Debug|Win32
		{0B9FEDEE-CF77-4AD6-AF90-1F2CD016B748}.Release|x64.ActiveCfg = Release|x64
		{0B9FEDEE-CF77-4AD6-AF90-1F2CD016B748}.Release|x64.Build.0 = Release|x64
		{0B9FEDEE-CF77-4AD6-AF90-1F2CD016B748}.Release|x86.ActiveCfg = Release|Win32
		{0B9FEDEE-CF77-4AD6-AF90-1F2CD016B748}.Release|x86.Build.0 = Release|Win32
	EndGlobalSection
	GlobalSection(SolutionProperties) = preSolution
		HideSolutionNode = FALSE
	EndGlobalSection
EndGlobal
